// !$*UTF8*$!
{
	archiveVersion = 1;
	classes = {
	};
	objectVersion = 38;
	objects = {
		06AA1264FFB2107B11CA28AA = {
			buildActionMask = 2147483647;
			files = (
			);
			generatedFileNames = (
			);
			isa = PBXShellScriptBuildPhase;
			neededFileNames = (
			);
			runOnlyForDeploymentPostprocessing = 0;
			shellPath = /bin/sh;
			shellScript = "script=\"${SYSTEM_DEVELOPER_DIR}/ProjectBuilder Extras/Kernel Extension Support/KEXTPostprocess\";\nif [ -x \"$script\" ]; then\n    . \"$script\"\nfi";
		};
		06AA1266FFB2107B11CA28AA = {
			buildRules = (
			);
			buildSettings = {
				COPY_PHASE_STRIP = YES;
				OTHER_CFLAGS = "-D_BIG_ENDIAN -DMAC_OS_10_0";
			};
			isa = PBXBuildStyle;
			name = Cheetah;
		};
		06AA1267FFB2110C11CA28AA = {
			buildActionMask = 2147483647;
			files = (
			);
			generatedFileNames = (
			);
			isa = PBXShellScriptBuildPhase;
			neededFileNames = (
			);
			runOnlyForDeploymentPostprocessing = 0;
			shellPath = /bin/sh;
			shellScript = "script=\"${SYSTEM_DEVELOPER_DIR}/ProjectBuilder Extras/Kernel Extension Support/KEXTPreprocess\";\nif [ -x \"$script\" ]; then\n    . \"$script\"\nfi";
		};
//060
//061
//062
//063
//064
//080
//081
//082
//083
//084
		089C1669FE841209C02AAC07 = {
			buildStyles = (
				06AA1266FFB2107B11CA28AA,
				C6723CB50DEA31E60077A303,
			);
			hasScannedForEncodings = 1;
			isa = PBXProject;
			mainGroup = 089C166AFE841209C02AAC07;
			projectDirPath = "";
			targets = (
				089C1673FE841209C02AAC07,
			);
		};
		089C166AFE841209C02AAC07 = {
			children = (
				C6723CB00DEA2B870077A303,
				247142CAFF3F8F9811CA285C,
				089C167CFE841241C02AAC07,
				19C28FB6FE9D52B211CA2CBB,
			);
			isa = PBXGroup;
			name = ECSC;
			refType = 4;
		};
		089C1673FE841209C02AAC07 = {
			buildPhases = (
				06AA1267FFB2110C11CA28AA,
				089C1674FE841209C02AAC07,
				089C1675FE841209C02AAC07,
				089C1676FE841209C02AAC07,
				089C1677FE841209C02AAC07,
				089C1679FE841209C02AAC07,
				06AA1264FFB2107B11CA28AA,
			);
			buildSettings = {
				DEBUGGING_SYMBOLS = NO;
				FRAMEWORK_SEARCH_PATHS = "";
				GCC_VERSION = 2.x;
				HEADER_SEARCH_PATHS = "\"$(SYSTEM_DEVELOPER_DIR)/xnu-123.5-headers\"";
				KERNEL_MODULE = YES;
				LIBRARY_SEARCH_PATHS = "";
				MODULE_IOKIT = YES;
				MODULE_NAME = com.pac.driver.ECSC;
				MODULE_VERSION = 1.0.0d1;
				OPTIMIZATION_CFLAGS = "-O3";
				OTHER_CFLAGS = "-D_BIG_ENDIAN";
				OTHER_LDFLAGS = "";
				OTHER_REZFLAGS = "";
				PRODUCT_NAME = ECSC;
				SECTORDER_FLAGS = "";
				USE_GCC3_PFE_SUPPORT = NO;
				WARNING_CFLAGS = "-Wmost -Wno-four-char-constants -Wno-unknown-pragmas";
				WRAPPER_EXTENSION = kext;
			};
			dependencies = (
			);
			isa = PBXBundleTarget;
			name = ECSC;
			productName = ECSC;
			productReference = 0B81C263FFB7832611CA28AA;
			productSettingsXML = "<?xml version=\"1.0\" encoding=\"UTF-8\"?>
<!DOCTYPE plist PUBLIC \"-//Apple Computer//DTD PLIST 1.0//EN\" \"http://www.apple.com/DTDs/PropertyList-1.0.dtd\">
<plist version=\"1.0\">
<dict>
	<key>CFBundleDevelopmentRegion</key>
	<string>English</string>
	<key>CFBundleExecutable</key>
	<string>ECSC</string>
	<key>CFBundleIconFile</key>
	<string></string>
	<key>CFBundleIdentifier</key>
	<string>com.pac.driver.ECSC</string>
	<key>CFBundleInfoDictionaryVersion</key>
	<string>6.0</string>
	<key>CFBundlePackageType</key>
	<string>KEXT</string>
	<key>CFBundleSignature</key>
	<string>????</string>
	<key>CFBundleVersion</key>
	<string>1.0.0d1</string>
	<key>IOKitPersonalities</key>
	<dict>
		<key>ECSC</key>
		<dict>
			<key>CFBundleIdentifier</key>
			<string>com.pac.driver.ECSC</string>
			<key>IOClass</key>
			<string>ECSC</string>
			<key>IOKitDebug</key>
			<integer>65535</integer>
			<key>IONameMatch</key>
			<string>ecsc</string>
			<key>IOProviderClass</key>
			<string>WhitneyDevice</string>
		</dict>
	</dict>
	<key>OSBundleLibraries</key>
	<dict>
		<key>com.apple.iokit.IOGraphicsFamily</key>
		<string>1.0.0b1</string>
		<key>com.apple.kernel.iokit</key>
		<string>1.0.0b1</string>
		<key>com.apple.kernel.libkern</key>
		<string>1.0.0b1</string>
	</dict>
	<key>OSBundleRequired</key>
	<string>Root</string>
</dict>
</plist>
";
		};
		089C1674FE841209C02AAC07 = {
			buildActionMask = 2147483647;
			files = (
				1A224C40FF42367911CA2CB7,
				C6BEDF350D10BB6E00F30747,
				C6723D180DECAA6D0077A303,
			);
			isa = PBXHeadersBuildPhase;
			runOnlyForDeploymentPostprocessing = 0;
		};
		089C1675FE841209C02AAC07 = {
			buildActionMask = 2147483647;
			files = (
				089C1680FE841241C02AAC07,
			);
			isa = PBXResourcesBuildPhase;
			runOnlyForDeploymentPostprocessing = 0;
		};
		089C1676FE841209C02AAC07 = {
			buildActionMask = 2147483647;
			files = (
				1A224C41FF42367911CA2CB7,
			);
			isa = PBXSourcesBuildPhase;
			runOnlyForDeploymentPostprocessing = 0;
		};
		089C1677FE841209C02AAC07 = {
			buildActionMask = 2147483647;
			files = (
			);
			isa = PBXFrameworksBuildPhase;
			runOnlyForDeploymentPostprocessing = 0;
		};
		089C1679FE841209C02AAC07 = {
			buildActionMask = 2147483647;
			files = (
			);
			isa = PBXRezBuildPhase;
			runOnlyForDeploymentPostprocessing = 0;
		};
		089C167CFE841241C02AAC07 = {
			children = (
				089C167DFE841241C02AAC07,
			);
			isa = PBXGroup;
			name = Resources;
			refType = 4;
		};
		089C167DFE841241C02AAC07 = {
			children = (
				089C167EFE841241C02AAC07,
			);
			isa = PBXVariantGroup;
			name = InfoPlist.strings;
			refType = 4;
		};
		089C167EFE841241C02AAC07 = {
			fileEncoding = 10;
			isa = PBXFileReference;
			name = English;
			path = English.lproj/InfoPlist.strings;
			refType = 4;
		};
		089C1680FE841241C02AAC07 = {
			fileRef = 089C167DFE841241C02AAC07;
			isa = PBXBuildFile;
			settings = {
			};
		};
//080
//081
//082
//083
//084
//0B0
//0B1
//0B2
//0B3
//0B4
		0B81C263FFB7832611CA28AA = {
			isa = PBXBundleReference;
			path = ECSC.kext;
			refType = 3;
		};
//0B0
//0B1
//0B2
//0B3
//0B4
//190
//191
//192
//193
//194
		19C28FB6FE9D52B211CA2CBB = {
			children = (
				0B81C263FFB7832611CA28AA,
			);
			isa = PBXGroup;
			name = Products;
			refType = 4;
		};
//190
//191
//192
//193
//194
//1A0
//1A1
//1A2
//1A3
//1A4
		1A224C3EFF42367911CA2CB7 = {
			fileEncoding = 4;
			isa = PBXFileReference;
			path = ECSC.h;
			refType = 4;
		};
		1A224C3FFF42367911CA2CB7 = {
			fileEncoding = 4;
			indentWidth = 8;
			isa = PBXFileReference;
			path = ECSC.cpp;
			refType = 4;
			tabWidth = 8;
			usesTabs = 1;
		};
		1A224C40FF42367911CA2CB7 = {
			fileRef = 1A224C3EFF42367911CA2CB7;
			isa = PBXBuildFile;
			settings = {
			};
		};
		1A224C41FF42367911CA2CB7 = {
			fileRef = 1A224C3FFF42367911CA2CB7;
			isa = PBXBuildFile;
			settings = {
				ATTRIBUTES = (
				);
			};
		};
//1A0
//1A1
//1A2
//1A3
//1A4
//240
//241
//242
//243
//244
		247142CAFF3F8F9811CA285C = {
			children = (
				1A224C3FFF42367911CA2CB7,
			);
			isa = PBXGroup;
			name = Source;
			path = "";
			refType = 4;
		};
//240
//241
//242
//243
//244
//C60
//C61
//C62
//C63
//C64
		C6723CB00DEA2B870077A303 = {
			children = (
				C6723D170DECAA6D0077A303,
				1A224C3EFF42367911CA2CB7,
				C6BEDF340D10BB6E00F30747,
			);
			isa = PBXGroup;
			name = Headers;
			path = "";
			refType = 4;
		};
		C6723CB50DEA31E60077A303 = {
			buildRules = (
			);
			buildSettings = {
				COPY_PHASE_STRIP = YES;
				HEADER_SEARCH_PATHS = "IOKit-5.5 \"$(SYSTEM_DEVELOPER_DIR)/xnu-123.5-headers\"";
				OTHER_CFLAGS = "-D_BIG_ENDIAN -DMAC_OS_10_1";
			};
			isa = PBXBuildStyle;
			name = Puma;
		};
		C6723D170DECAA6D0077A303 = {
			fileEncoding = 30;
			isa = PBXFileReference;
			path = "IOFramebuffer-IOKit-5.5.h";
			refType = 4;
		};
		C6723D180DECAA6D0077A303 = {
			fileRef = C6723D170DECAA6D0077A303;
			isa = PBXBuildFile;
			settings = {
			};
		};
		C6BEDF340D10BB6E00F30747 = {
			fileEncoding = 4;
			isa = PBXFileReference;
			path = "xnu-201.42.3_mem.h";
			refType = 4;
		};
		C6BEDF350D10BB6E00F30747 = {
			fileRef = C6BEDF340D10BB6E00F30747;
			isa = PBXBuildFile;
			settings = {
			};
		};
	};
	rootObject = 089C1669FE841209C02AAC07;
}
